
Microsoft Visual Studio Solution File, Format Version 12.00
# Visual Studio Version 16
VisualStudioVersion = 16.0.29519.87
MinimumVisualStudioVersion = 10.0.40219.1
Project("{FAE04EC0-301F-11D3-BF4B-00C04F79EFBC}") = "TemplateMethodC", "TemplateMethodC.csproj", "{6A394DD7-D173-4DB1-8C0B-B207C7442A71}"
EndProject
Global
	GlobalSection(SolutionConfigurationPlatforms) = preSolution
		Debug|Any CPU = Debug|Any CPU
		Release|Any CPU = Release|Any CPU
	EndGlobalSection
	GlobalSection(ProjectConfigurationPlatforms) = postSolution
		{6A394DD7-D173-4DB1-8C0B-B207C7442A71}.Debug|Any CPU.ActiveCfg = Debug|Any CPU
		{6A394DD7-D173-4DB1-8C0B-B207C7442A71}.Debug|Any CPU.Build.0 = Debug|Any CPU
		{6A394DD7-D173-4DB1-8C0B-B207C7442A71}.Release|Any CPU.ActiveCfg = Release|Any CPU
		{6A394DD7-D173-4DB1-8C0B-B207C7442A71}.Release|Any CPU.Build.0 = Release|Any CPU
	EndGlobalSection
	GlobalSection(SolutionProperties) = preSolution
		HideSolutionNode = FALSE
	EndGlobalSection
	GlobalSection(ExtensibilityGlobals) = postSolution
		SolutionGuid = {28651AA8-AD03-424A-96FE-8035627DC839}
	EndGlobalSection
EndGlobal
